
Microsoft Visual Studio Solution File, Format Version 12.00
# Visual Studio Version 17
VisualStudioVersion = 17.11.35222.181
MinimumVisualStudioVersion = 10.0.40219.1
Project("{FAE04EC0-301F-11D3-BF4B-00C04F79EFBC}") = "AppBiblioteca", "AppBiblioteca\AppBiblioteca.csproj", "{8AC26DB4-0763-45F6-87A9-4C53C97B3E28}"
EndProject
Global
	GlobalSection(SolutionConfigurationPlatforms) = preSolution
		Debug|Any CPU = Debug|Any CPU
		Release|Any CPU = Release|Any CPU
	EndGlobalSection
	GlobalSection(ProjectConfigurationPlatforms) = postSolution
		{8AC26DB4-0763-45F6-87A9-4C53C97B3E28}.Debug|Any CPU.ActiveCfg = Debug|Any CPU
		{8AC26DB4-0763-45F6-87A9-4C53C97B3E28}.Debug|Any CPU.Build.0 = Debug|Any CPU
		{8AC26DB4-0763-45F6-87A9-4C53C97B3E28}.Release|Any CPU.ActiveCfg = Release|Any CPU
		{8AC26DB4-0763-45F6-87A9-4C53C97B3E28}.Release|Any CPU.Build.0 = Release|Any CPU
	EndGlobalSection
	GlobalSection(SolutionProperties) = preSolution
		HideSolutionNode = FALSE
	EndGlobalSection
	GlobalSection(ExtensibilityGlobals) = postSolution
		SolutionGuid = {7D7D8A16-E644-4667-922F-557931D86317}
	EndGlobalSection
EndGlobal
